
Microsoft Visual Studio Solution File, Format Version 12.00
# Visual Studio Version 16
VisualStudioVersion = 16.0.29215.179
MinimumVisualStudioVersion = 10.0.40219.1
Project("{8BC9CEB8-8B4A-11D0-8D11-00A0C91BC942}") = "client", "client\client.vcxproj", "{447F127B-14D5-4274-B707-92D07BFF30A7}"
	ProjectSection(ProjectDependencies) = postProject
		{1FB1BE6B-D2C9-4EA6-9971-8FE321586789} = {1FB1BE6B-D2C9-4EA6-9971-8FE321586789}
	EndProjectSection
EndProject
Project("{8BC9CEB8-8B4A-11D0-8D11-00A0C91BC942}") = "log", "log\log.vcxproj", "{1FB1BE6B-D2C9-4EA6-9971-8FE321586789}"
EndProject
Global
	GlobalSection(SolutionConfigurationPlatforms) = preSolution
		Debug|x64 = Debug|x64
		Debug|x86 = Debug|x86
		Release|x64 = Release|x64
		Release|x86 = Release|x86
	EndGlobalSection
	GlobalSection(ProjectConfigurationPlatforms) = postSolution
		{447F127B-14D5-4274-B707-92D07BFF30A7}.Debug|x64.ActiveCfg = Debug|x64
		{447F127B-14D5-4274-B707-92D07BFF30A7}.Debug|x64.Build.0 = Debug|x64
		{447F127B-14D5-4274-B707-92D07BFF30A7}.Debug|x86.ActiveCfg = Debug|Win32
		{447F127B-14D5-4274-B707-92D07BFF30A7}.Debug|x86.Build.0 = Debug|Win32
		{447F127B-14D5-4274-B707-92D07BFF30A7}.Release|x64.ActiveCfg = Release|x64
		{447F127B-14D5-4274-B707-92D07BFF30A7}.Release|x64.Build.0 = Release|x64
		{447F127B-14D5-4274-B707-92D07BFF30A7}.Release|x86.ActiveCfg = Release|Win32
		{447F127B-14D5-4274-B707-92D07BFF30A7}.Release|x86.Build.0 = Release|Win32
		{1FB1BE6B-D2C9-4EA6-9971-8FE321586789}.Debug|x64.ActiveCfg = Debug|x64
		{1FB1BE6B-D2C9-4EA6-9971-8FE321586789}.Debug|x64.Build.0 = Debug|x64
		{1FB1BE6B-D2C9-4EA6-9971-8FE321586789}.Debug|x86.ActiveCfg = Debug|Win32
		{1FB1BE6B-D2C9-4EA6-9971-8FE321586789}.Debug|x86.Build.0 = Debug|Win32
		{1FB1BE6B-D2C9-4EA6-9971-8FE321586789}.Release|x64.ActiveCfg = Release|x64
		{1FB1BE6B-D2C9-4EA6-9971-8FE321586789}.Release|x64.Build.0 = Release|x64
		{1FB1BE6B-D2C9-4EA6-9971-8FE321586789}.Release|x86.ActiveCfg = Release|Win32
		{1FB1BE6B-D2C9-4EA6-9971-8FE321586789}.Release|x86.Build.0 = Release|Win32
	EndGlobalSection
	GlobalSection(SolutionProperties) = preSolution
		HideSolutionNode = FALSE
	EndGlobalSection
	GlobalSection(ExtensibilityGlobals) = postSolution
		SolutionGuid = {ADBDFA0F-13A5-4E3B-83FE-0895852A9A01}
	EndGlobalSection
EndGlobal
